PODS:
  - onnxruntime-c (1.14.0)
  - Silero-VAD-for-iOS (0.1.0):
    - onnxruntime-c

DEPENDENCIES:
  - Silero-VAD-for-iOS (from `../`)

SPEC REPOS:
  trunk:
    - onnxruntime-c

EXTERNAL SOURCES:
  Silero-VAD-for-iOS:
    :path: "../"

SPEC CHECKSUMS:
  onnxruntime-c: 1f5923e555122d12239a1173229d6c5e8a0afd3e
  Silero-VAD-for-iOS: 58e13c565599dd8818757026c16c1b770a067fc7

PODFILE CHECKSUM: 4a193feb7546dc9afe1fbd3277ff1e3a4f3fe5cd

COCOAPODS: 1.11.3
